// !$*UTF8*$!
{
	archiveVersion = 1;
	classes = {
	};
	objectVersion = 50;
	objects = {

/* Begin PBXBuildFile section */
		42397E9F22142A660071B3AA /* fox.png in Resources */ = {isa = PBXBuildFile; fileRef = 42397E9E22142A660071B3AA /* fox.png */; };
		42397EA922142A880071B3AA /* balloon_explode.png in Resources */ = {isa = PBXBuildFile; fileRef = 42397EA022142A870071B3AA /* balloon_explode.png */; };
		42397EAA22142A880071B3AA /* balloon5.png in Resources */ = {isa = PBXBuildFile; fileRef = 42397EA122142A870071B3AA /* balloon5.png */; };
		42397EAB22142A880071B3AA /* background.png in Resources */ = {isa = PBXBuildFile; fileRef = 42397EA222142A870071B3AA /* background.png */; };
		42397EAC22142A880071B3AA /* balloon1.png in Resources */ = {isa = PBXBuildFile; fileRef = 42397EA322142A880071B3AA /* balloon1.png */; };
		42397EAD22142A880071B3AA /* balloon3.png in Resources */ = {isa = PBXBuildFile; fileRef = 42397EA422142A880071B3AA /* balloon3.png */; };
		42397EAE22142A880071B3AA /* cloudB.png in Resources */ = {isa = PBXBuildFile; fileRef = 42397EA522142A880071B3AA /* cloudB.png */; };
		42397EAF22142A880071B3AA /* balloon2.png in Resources */ = {isa = PBXBuildFile; fileRef = 42397EA622142A880071B3AA /* balloon2.png */; };
		42397EB022142A880071B3AA /* cloudA.png in Resources */ = {isa = PBXBuildFile; fileRef = 42397EA722142A880071B3AA /* cloudA.png */; };
		42397EB122142A880071B3AA /* balloon4.png in Resources */ = {isa = PBXBuildFile; fileRef = 42397EA822142A880071B3AA /* balloon4.png */; };
		42397EB322142AFF0071B3AA /* fox.atlas in Resources */ = {isa = PBXBuildFile; fileRef = 42397EB222142AFF0071B3AA /* fox.atlas */; };
		424C180721EF54CA0055FAFC /* AppDelegate.swift in Sources */ = {isa = PBXBuildFile; fileRef = 424C180621EF54CA0055FAFC /* AppDelegate.swift */; };
		424C180921EF54CA0055FAFC /* GameScene.sks in Resources */ = {isa = PBXBuildFile; fileRef = 424C180821EF54CA0055FAFC /* GameScene.sks */; };
		424C180B21EF54CA0055FAFC /* Actions.sks in Resources */ = {isa = PBXBuildFile; fileRef = 424C180A21EF54CA0055FAFC /* Actions.sks */; };
		424C180D21EF54CA0055FAFC /* GameScene.swift in Sources */ = {isa = PBXBuildFile; fileRef = 424C180C21EF54CA0055FAFC /* GameScene.swift */; };
		424C180F21EF54CA0055FAFC /* GameViewController.swift in Sources */ = {isa = PBXBuildFile; fileRef = 424C180E21EF54CA0055FAFC /* GameViewController.swift */; };
		424C181221EF54CA0055FAFC /* Main.storyboard in Resources */ = {isa = PBXBuildFile; fileRef = 424C181021EF54CA0055FAFC /* Main.storyboard */; };
		424C181421EF54CB0055FAFC /* Assets.xcassets in Resources */ = {isa = PBXBuildFile; fileRef = 424C181321EF54CB0055FAFC /* Assets.xcassets */; };
		424C181721EF54CB0055FAFC /* LaunchScreen.storyboard in Resources */ = {isa = PBXBuildFile; fileRef = 424C181521EF54CB0055FAFC /* LaunchScreen.storyboard */; };
/* End PBXBuildFile section */

/* Begin PBXFileReference section */
		42397E9E22142A660071B3AA /* fox.png */ = {isa = PBXFileReference; lastKnownFileType = image.png; path = fox.png; sourceTree = "<group>"; };
		42397EA022142A870071B3AA /* balloon_explode.png */ = {isa = PBXFileReference; lastKnownFileType = image.png; path = balloon_explode.png; sourceTree = "<group>"; };
		42397EA122142A870071B3AA /* balloon5.png */ = {isa = PBXFileReference; lastKnownFileType = image.png; path = balloon5.png; sourceTree = "<group>"; };
		42397EA222142A870071B3AA /* background.png */ = {isa = PBXFileReference; lastKnownFileType = image.png; path = background.png; sourceTree = "<group>"; };
		42397EA322142A880071B3AA /* balloon1.png */ = {isa = PBXFileReference; lastKnownFileType = image.png; path = balloon1.png; sourceTree = "<group>"; };
		42397EA422142A880071B3AA /* balloon3.png */ = {isa = PBXFileReference; lastKnownFileType = image.png; path = balloon3.png; sourceTree = "<group>"; };
		42397EA522142A880071B3AA /* cloudB.png */ = {isa = PBXFileReference; lastKnownFileType = image.png; path = cloudB.png; sourceTree = "<group>"; };
		42397EA622142A880071B3AA /* balloon2.png */ = {isa = PBXFileReference; lastKnownFileType = image.png; path = balloon2.png; sourceTree = "<group>"; };
		42397EA722142A880071B3AA /* cloudA.png */ = {isa = PBXFileReference; lastKnownFileType = image.png; path = cloudA.png; sourceTree = "<group>"; };
		42397EA822142A880071B3AA /* balloon4.png */ = {isa = PBXFileReference; lastKnownFileType = image.png; path = balloon4.png; sourceTree = "<group>"; };
		42397EB222142AFF0071B3AA /* fox.atlas */ = {isa = PBXFileReference; lastKnownFileType = folder.skatlas; path = fox.atlas; sourceTree = "<group>"; };
		424C180321EF54CA0055FAFC /* foxShooter.app */ = {isa = PBXFileReference; explicitFileType = wrapper.application; includeInIndex = 0; path = foxShooter.app; sourceTree = BUILT_PRODUCTS_DIR; };
		424C180621EF54CA0055FAFC /* AppDelegate.swift */ = {isa = PBXFileReference; lastKnownFileType = sourcecode.swift; path = AppDelegate.swift; sourceTree = "<group>"; };
		424C180821EF54CA0055FAFC /* GameScene.sks */ = {isa = PBXFileReference; lastKnownFileType = file.sks; path = GameScene.sks; sourceTree = "<group>"; };
		424C180A21EF54CA0055FAFC /* Actions.sks */ = {isa = PBXFileReference; lastKnownFileType = file.sks; path = Actions.sks; sourceTree = "<group>"; };
		424C180C21EF54CA0055FAFC /* GameScene.swift */ = {isa = PBXFileReference; lastKnownFileType = sourcecode.swift; path = GameScene.swift; sourceTree = "<group>"; };
		424C180E21EF54CA0055FAFC /* GameViewController.swift */ = {isa = PBXFileReference; lastKnownFileType = sourcecode.swift; path = GameViewController.swift; sourceTree = "<group>"; };
		424C181121EF54CA0055FAFC /* Base */ = {isa = PBXFileReference; lastKnownFileType = file.storyboard; name = Base; path = Base.lproj/Main.storyboard; sourceTree = "<group>"; };
		424C181321EF54CB0055FAFC /* Assets.xcassets */ = {isa = PBXFileReference; lastKnownFileType = folder.assetcatalog; path = Assets.xcassets; sourceTree = "<group>"; };
		424C181621EF54CB0055FAFC /* Base */ = {isa = PBXFileReference; lastKnownFileType = file.storyboard; name = Base; path = Base.lproj/LaunchScreen.storyboard; sourceTree = "<group>"; };
		424C181821EF54CB0055FAFC /* Info.plist */ = {isa = PBXFileReference; lastKnownFileType = text.plist.xml; path = Info.plist; sourceTree = "<group>"; };
		D0D13C6A2214391B00896294 /* bullet.png */ = {isa = PBXFileReference; lastKnownFileType = image.png; path = bullet.png; sourceTree = "<group>"; };
/* End PBXFileReference section */

/* Begin PBXFrameworksBuildPhase section */
		424C180021EF54CA0055FAFC /* Frameworks */ = {
			isa = PBXFrameworksBuildPhase;
			buildActionMask = 2147483647;
			files = (
			);
			runOnlyForDeploymentPostprocessing = 0;
		};
/* End PBXFrameworksBuildPhase section */

/* Begin PBXGroup section */
		424C17FA21EF54CA0055FAFC = {
			isa = PBXGroup;
			children = (
				424C180521EF54CA0055FAFC /* foxShooter */,
				424C180421EF54CA0055FAFC /* Products */,
				D0D13C6A2214391B00896294 /* bullet.png */,
				42397E9E22142A660071B3AA /* fox.png */,
				42397EA222142A870071B3AA /* background.png */,
				42397EA022142A870071B3AA /* balloon_explode.png */,
				42397EA322142A880071B3AA /* balloon1.png */,
				42397EA622142A880071B3AA /* balloon2.png */,
				42397EA422142A880071B3AA /* balloon3.png */,
				42397EA822142A880071B3AA /* balloon4.png */,
				42397EA122142A870071B3AA /* balloon5.png */,
				42397EA722142A880071B3AA /* cloudA.png */,
				42397EA522142A880071B3AA /* cloudB.png */,
				42397EB222142AFF0071B3AA /* fox.atlas */,
			);
			sourceTree = "<group>";
		};
		424C180421EF54CA0055FAFC /* Products */ = {
			isa = PBXGroup;
			children = (
				424C180321EF54CA0055FAFC /* foxShooter.app */,
			);
			name = Products;
			sourceTree = "<group>";
		};
		424C180521EF54CA0055FAFC /* foxShooter */ = {
			isa = PBXGroup;
			children = (
				424C180621EF54CA0055FAFC /* AppDelegate.swift */,
				424C180821EF54CA0055FAFC /* GameScene.sks */,
				424C180A21EF54CA0055FAFC /* Actions.sks */,
				424C180C21EF54CA0055FAFC /* GameScene.swift */,
				424C180E21EF54CA0055FAFC /* GameViewController.swift */,
				424C181021EF54CA0055FAFC /* Main.storyboard */,
				424C181321EF54CB0055FAFC /* Assets.xcassets */,
				424C181521EF54CB0055FAFC /* LaunchScreen.storyboard */,
				424C181821EF54CB0055FAFC /* Info.plist */,
			);
			path = foxShooter;
			sourceTree = "<group>";
		};
/* End PBXGroup section */

/* Begin PBXNativeTarget section */
		424C180221EF54CA0055FAFC /* foxShooter */ = {
			isa = PBXNativeTarget;
			buildConfigurationList = 424C181B21EF54CB0055FAFC /* Build configuration list for PBXNativeTarget "foxShooter" */;
			buildPhases = (
				424C17FF21EF54CA0055FAFC /* Sources */,
				424C180021EF54CA0055FAFC /* Frameworks */,
				424C180121EF54CA0055FAFC /* Resources */,
			);
			buildRules = (
			);
			dependencies = (
			);
			name = foxShooter;
			productName = foxShooter;
			productReference = 424C180321EF54CA0055FAFC /* foxShooter.app */;
			productType = "com.apple.product-type.application";
		};
/* End PBXNativeTarget section */

/* Begin PBXProject section */
		424C17FB21EF54CA0055FAFC /* Project object */ = {
			isa = PBXProject;
			attributes = {
				LastSwiftUpdateCheck = 1010;
				LastUpgradeCheck = 1010;
				ORGANIZATIONNAME = "Edvard Hedlund";
				TargetAttributes = {
					424C180221EF54CA0055FAFC = {
						CreatedOnToolsVersion = 10.1;
					};
				};
			};
			buildConfigurationList = 424C17FE21EF54CA0055FAFC /* Build configuration list for PBXProject "foxShooter" */;
			compatibilityVersion = "Xcode 9.3";
			developmentRegion = en;
			hasScannedForEncodings = 0;
			knownRegions = (
				en,
				Base,
			);
			mainGroup = 424C17FA21EF54CA0055FAFC;
			productRefGroup = 424C180421EF54CA0055FAFC /* Products */;
			projectDirPath = "";
			projectRoot = "";
			targets = (
				424C180221EF54CA0055FAFC /* foxShooter */,
			);
		};
/* End PBXProject section */

/* Begin PBXResourcesBuildPhase section */
		424C180121EF54CA0055FAFC /* Resources */ = {
			isa = PBXResourcesBuildPhase;
			buildActionMask = 2147483647;
			files = (
				424C181221EF54CA0055FAFC /* Main.storyboard in Resources */,
				42397EAD22142A880071B3AA /* balloon3.png in Resources */,
				42397EAE22142A880071B3AA /* cloudB.png in Resources */,
				42397EB022142A880071B3AA /* cloudA.png in Resources */,
				42397EAC22142A880071B3AA /* balloon1.png in Resources */,
				42397EAB22142A880071B3AA /* background.png in Resources */,
				424C180921EF54CA0055FAFC /* GameScene.sks in Resources */,
				424C181421EF54CB0055FAFC /* Assets.xcassets in Resources */,
				42397E9F22142A660071B3AA /* fox.png in Resources */,
				42397EB322142AFF0071B3AA /* fox.atlas in Resources */,
				42397EAA22142A880071B3AA /* balloon5.png in Resources */,
				42397EB122142A880071B3AA /* balloon4.png in Resources */,
				424C181721EF54CB0055FAFC /* LaunchScreen.storyboard in Resources */,
				42397EA922142A880071B3AA /* balloon_explode.png in Resources */,
				424C180B21EF54CA0055FAFC /* Actions.sks in Resources */,
				42397EAF22142A880071B3AA /* balloon2.png in Resources */,
			);
			runOnlyForDeploymentPostprocessing = 0;
		};
/* End PBXResourcesBuildPhase section */

/* Begin PBXSourcesBuildPhase section */
		424C17FF21EF54CA0055FAFC /* Sources */ = {
			isa = PBXSourcesBuildPhase;
			buildActionMask = 2147483647;
			files = (
				424C180D21EF54CA0055FAFC /* GameScene.swift in Sources */,
				424C180F21EF54CA0055FAFC /* GameViewController.swift in Sources */,
				424C180721EF54CA0055FAFC /* AppDelegate.swift in Sources */,
			);
			runOnlyForDeploymentPostprocessing = 0;
		};
/* End PBXSourcesBuildPhase section */

/* Begin PBXVariantGroup section */
		424C181021EF54CA0055FAFC /* Main.storyboard */ = {
			isa = PBXVariantGroup;
			children = (
				424C181121EF54CA0055FAFC /* Base */,
			);
			name = Main.storyboard;
			sourceTree = "<group>";
		};
		424C181521EF54CB0055FAFC /* LaunchScreen.storyboard */ = {
			isa = PBXVariantGroup;
			children = (
				424C181621EF54CB0055FAFC /* Base */,
			);
			name = LaunchScreen.storyboard;
			sourceTree = "<group>";
		};
/* End PBXVariantGroup section */

/* Begin XCBuildConfiguration section */
		424C181921EF54CB0055FAFC /* Debug */ = {
			isa = XCBuildConfiguration;
			buildSettings = {
				ALWAYS_SEARCH_USER_PATHS = NO;
				CLANG_ANALYZER_NONNULL = YES;
				CLANG_ANALYZER_NUMBER_OBJECT_CONVERSION = YES_AGGRESSIVE;
				CLANG_CXX_LANGUAGE_STANDARD = "gnu++14";
				CLANG_CXX_LIBRARY = "libc++";
				CLANG_ENABLE_MODULES = YES;
				CLANG_ENABLE_OBJC_ARC = YES;
				CLANG_ENABLE_OBJC_WEAK = YES;
				CLANG_WARN_BLOCK_CAPTURE_AUTORELEASING = YES;
				CLANG_WARN_BOOL_CONVERSION = YES;
				CLANG_WARN_COMMA = YES;
				CLANG_WARN_CONSTANT_CONVERSION = YES;
				CLANG_WARN_DEPRECATED_OBJC_IMPLEMENTATIONS = YES;
				CLANG_WARN_DIRECT_OBJC_ISA_USAGE = YES_ERROR;
				CLANG_WARN_DOCUMENTATION_COMMENTS = YES;
				CLANG_WARN_EMPTY_BODY = YES;
				CLANG_WARN_ENUM_CONVERSION = YES;
				CLANG_WARN_INFINITE_RECURSION = YES;
				CLANG_WARN_INT_CONVERSION = YES;
				CLANG_WARN_NON_LITERAL_NULL_CONVERSION = YES;
				CLANG_WARN_OBJC_IMPLICIT_RETAIN_SELF = YES;
				CLANG_WARN_OBJC_LITERAL_CONVERSION = YES;
				CLANG_WARN_OBJC_ROOT_CLASS = YES_ERROR;
				CLANG_WARN_RANGE_LOOP_ANALYSIS = YES;
				CLANG_WARN_STRICT_PROTOTYPES = YES;
				CLANG_WARN_SUSPICIOUS_MOVE = YES;
				CLANG_WARN_UNGUARDED_AVAILABILITY = YES_AGGRESSIVE;
				CLANG_WARN_UNREACHABLE_CODE = YES;
				CLANG_WARN__DUPLICATE_METHOD_MATCH = YES;
				CODE_SIGN_IDENTITY = "iPhone Developer";
				COPY_PHASE_STRIP = NO;
				DEBUG_INFORMATION_FORMAT = dwarf;
				ENABLE_STRICT_OBJC_MSGSEND = YES;
				ENABLE_TESTABILITY = YES;
				GCC_C_LANGUAGE_STANDARD = gnu11;
				GCC_DYNAMIC_NO_PIC = NO;
				GCC_NO_COMMON_BLOCKS = YES;
				GCC_OPTIMIZATION_LEVEL = 0;
				GCC_PREPROCESSOR_DEFINITIONS = (
					"DEBUG=1",
					"$(inherited)",
				);
				GCC_WARN_64_TO_32_BIT_CONVERSION = YES;
				GCC_WARN_ABOUT_RETURN_TYPE = YES_ERROR;
				GCC_WARN_UNDECLARED_SELECTOR = YES;
				GCC_WARN_UNINITIALIZED_AUTOS = YES_AGGRESSIVE;
				GCC_WARN_UNUSED_FUNCTION = YES;
				GCC_WARN_UNUSED_VARIABLE = YES;
				IPHONEOS_DEPLOYMENT_TARGET = 12.1;
				MTL_ENABLE_DEBUG_INFO = INCLUDE_SOURCE;
				MTL_FAST_MATH = YES;
				ONLY_ACTIVE_ARCH = YES;
				SDKROOT = iphoneos;
				SWIFT_ACTIVE_COMPILATION_CONDITIONS = DEBUG;
				SWIFT_OPTIMIZATION_LEVEL = "-Onone";
			};
			name = Debug;
		};
		424C181A21EF54CB0055FAFC /* Release */ = {
			isa = XCBuildConfiguration;
			buildSettings = {
				ALWAYS_SEARCH_USER_PATHS = NO;
				CLANG_ANALYZER_NONNULL = YES;
				CLANG_ANALYZER_NUMBER_OBJECT_CONVERSION = YES_AGGRESSIVE;
				CLANG_CXX_LANGUAGE_STANDARD = "gnu++14";
				CLANG_CXX_LIBRARY = "libc++";
				CLANG_ENABLE_MODULES = YES;
				CLANG_ENABLE_OBJC_ARC = YES;
				CLANG_ENABLE_OBJC_WEAK = YES;
				CLANG_WARN_BLOCK_CAPTURE_AUTORELEASING = YES;
				CLANG_WARN_BOOL_CONVERSION = YES;
				CLANG_WARN_COMMA = YES;
				CLANG_WARN_CONSTANT_CONVERSION = YES;
				CLANG_WARN_DEPRECATED_OBJC_IMPLEMENTATIONS = YES;
				CLANG_WARN_DIRECT_OBJC_ISA_USAGE = YES_ERROR;
				CLANG_WARN_DOCUMENTATION_COMMENTS = YES;
				CLANG_WARN_EMPTY_BODY = YES;
				CLANG_WARN_ENUM_CONVERSION = YES;
				CLANG_WARN_INFINITE_RECURSION = YES;
				CLANG_WARN_INT_CONVERSION = YES;
				CLANG_WARN_NON_LITERAL_NULL_CONVERSION = YES;
				CLANG_WARN_OBJC_IMPLICIT_RETAIN_SELF = YES;
				CLANG_WARN_OBJC_LITERAL_CONVERSION = YES;
				CLANG_WARN_OBJC_ROOT_CLASS = YES_ERROR;
				CLANG_WARN_RANGE_LOOP_ANALYSIS = YES;
				CLANG_WARN_STRICT_PROTOTYPES = YES;
				CLANG_WARN_SUSPICIOUS_MOVE = YES;
				CLANG_WARN_UNGUARDED_AVAILABILITY = YES_AGGRESSIVE;
				CLANG_WARN_UNREACHABLE_CODE = YES;
				CLANG_WARN__DUPLICATE_METHOD_MATCH = YES;
				CODE_SIGN_IDENTITY = "iPhone Developer";
				COPY_PHASE_STRIP = NO;
				DEBUG_INFORMATION_FORMAT = "dwarf-with-dsym";
				ENABLE_NS_ASSERTIONS = NO;
				ENABLE_STRICT_OBJC_MSGSEND = YES;
				GCC_C_LANGUAGE_STANDARD = gnu11;
				GCC_NO_COMMON_BLOCKS = YES;
				GCC_WARN_64_TO_32_BIT_CONVERSION = YES;
				GCC_WARN_ABOUT_RETURN_TYPE = YES_ERROR;
				GCC_WARN_UNDECLARED_SELECTOR = YES;
				GCC_WARN_UNINITIALIZED_AUTOS = YES_AGGRESSIVE;
				GCC_WARN_UNUSED_FUNCTION = YES;
				GCC_WARN_UNUSED_VARIABLE = YES;
				IPHONEOS_DEPLOYMENT_TARGET = 12.1;
				MTL_ENABLE_DEBUG_INFO = NO;
				MTL_FAST_MATH = YES;
				SDKROOT = iphoneos;
				SWIFT_COMPILATION_MODE = wholemodule;
				SWIFT_OPTIMIZATION_LEVEL = "-O";
				VALIDATE_PRODUCT = YES;
			};
			name = Release;
		};
		424C181C21EF54CB0055FAFC /* Debug */ = {
			isa = XCBuildConfiguration;
			buildSettings = {
				ASSETCATALOG_COMPILER_APPICON_NAME = AppIcon;
				CODE_SIGN_STYLE = Automatic;
				DEVELOPMENT_TEAM = Q75L2P2899;
				INFOPLIST_FILE = foxShooter/Info.plist;
				LD_RUNPATH_SEARCH_PATHS = (
					"$(inherited)",
					"@executable_path/Frameworks",
				);
				PRODUCT_BUNDLE_IDENTIFIER = Edvard.foxShooter;
				PRODUCT_NAME = "$(TARGET_NAME)";
				SWIFT_VERSION = 4.2;
				TARGETED_DEVICE_FAMILY = "1,2";
			};
			name = Debug;
		};
		424C181D21EF54CB0055FAFC /* Release */ = {
			isa = XCBuildConfiguration;
			buildSettings = {
				ASSETCATALOG_COMPILER_APPICON_NAME = AppIcon;
				CODE_SIGN_STYLE = Automatic;
				DEVELOPMENT_TEAM = Q75L2P2899;
				INFOPLIST_FILE = foxShooter/Info.plist;
				LD_RUNPATH_SEARCH_PATHS = (
					"$(inherited)",
					"@executable_path/Frameworks",
				);
				PRODUCT_BUNDLE_IDENTIFIER = Edvard.foxShooter;
				PRODUCT_NAME = "$(TARGET_NAME)";
				SWIFT_VERSION = 4.2;
				TARGETED_DEVICE_FAMILY = "1,2";
			};
			name = Release;
		};
/* End XCBuildConfiguration section */

/* Begin XCConfigurationList section */
		424C17FE21EF54CA0055FAFC /* Build configuration list for PBXProject "foxShooter" */ = {
			isa = XCConfigurationList;
			buildConfigurations = (
				424C181921EF54CB0055FAFC /* Debug */,
				424C181A21EF54CB0055FAFC /* Release */,
			);
			defaultConfigurationIsVisible = 0;
			defaultConfigurationName = Release;
		};
		424C181B21EF54CB0055FAFC /* Build configuration list for PBXNativeTarget "foxShooter" */ = {
			isa = XCConfigurationList;
			buildConfigurations = (
				424C181C21EF54CB0055FAFC /* Debug */,
				424C181D21EF54CB0055FAFC /* Release */,
			);
			defaultConfigurationIsVisible = 0;
			defaultConfigurationName = Release;
		};
/* End XCConfigurationList section */
	};
	rootObject = 424C17FB21EF54CA0055FAFC /* Project object */;
}
